
Microsoft Visual Studio Solution File, Format Version 9.00
# Visual Studio 2005
Project("{E24C65DC-7377-472B-9ABA-BC803B73C61A}") = "E:\...\Web\", "Web\", "{C9F22462-5637-42D2-9993-9751468BF28E}"
	ProjectSection(WebsiteProperties) = preProject
		ProjectReferences = "{A93C69CA-F165-4BBB-A8CB-9EB415B89AD4}|Studio.dll;{BBDDD2C1-2B22-42CD-BFB7-B21D0795B438}|AnyWeb_DL.dll;"
		Debug.AspNetCompiler.VirtualPath = "/Web"
		Debug.AspNetCompiler.PhysicalPath = "E:\Program Files\Microsoft Visual Studio\C#\AnyWeb\Web\"
		Debug.AspNetCompiler.TargetPath = "PrecompiledWeb\Web\"
		Debug.AspNetCompiler.Updateable = "true"
		Debug.AspNetCompiler.ForceOverwrite = "true"
		Debug.AspNetCompiler.FixedNames = "false"
		Debug.AspNetCompiler.Debug = "True"
		Release.AspNetCompiler.VirtualPath = "/Web"
		Release.AspNetCompiler.PhysicalPath = "E:\Program Files\Microsoft Visual Studio\C#\AnyWeb\Web\"
		Release.AspNetCompiler.TargetPath = "PrecompiledWeb\Web\"
		Release.AspNetCompiler.Updateable = "true"
		Release.AspNetCompiler.ForceOverwrite = "true"
		Release.AspNetCompiler.FixedNames = "false"
		Release.AspNetCompiler.Debug = "False"
		VWDPort = "2964"
	EndProjectSection
EndProject
Project("{FAE04EC0-301F-11D3-BF4B-00C04F79EFBC}") = "Studio", "Studio\Studio.csproj", "{A93C69CA-F165-4BBB-A8CB-9EB415B89AD4}"
EndProject
Project("{FAE04EC0-301F-11D3-BF4B-00C04F79EFBC}") = "AnyWeb_DL", "AnyWeb_DL\AnyWeb_DL.csproj", "{BBDDD2C1-2B22-42CD-BFB7-B21D0795B438}"
EndProject
Project("{2CFEAB61-6A3B-4EB8-B523-560B4BEEF521}") = "AnyWeb", "..\published\AnyWeb\AnyWeb.wdproj", "{F9DB7E55-855F-4CB7-AE85-03AA9321E70F}"
EndProject
Global
	GlobalSection(SolutionConfigurationPlatforms) = preSolution
		Debug|.NET = Debug|.NET
		Debug|Any CPU = Debug|Any CPU
		Debug|Mixed Platforms = Debug|Mixed Platforms
		Release|.NET = Release|.NET
		Release|Any CPU = Release|Any CPU
		Release|Mixed Platforms = Release|Mixed Platforms
	EndGlobalSection
	GlobalSection(ProjectConfigurationPlatforms) = postSolution
		{C9F22462-5637-42D2-9993-9751468BF28E}.Debug|.NET.ActiveCfg = Debug|.NET
		{C9F22462-5637-42D2-9993-9751468BF28E}.Debug|.NET.Build.0 = Debug|.NET
		{C9F22462-5637-42D2-9993-9751468BF28E}.Debug|Any CPU.ActiveCfg = Debug|.NET
		{C9F22462-5637-42D2-9993-9751468BF28E}.Debug|Mixed Platforms.ActiveCfg = Debug|.NET
		{C9F22462-5637-42D2-9993-9751468BF28E}.Debug|Mixed Platforms.Build.0 = Debug|.NET
		{C9F22462-5637-42D2-9993-9751468BF28E}.Release|.NET.ActiveCfg = Debug|.NET
		{C9F22462-5637-42D2-9993-9751468BF28E}.Release|.NET.Build.0 = Debug|.NET
		{C9F22462-5637-42D2-9993-9751468BF28E}.Release|Any CPU.ActiveCfg = Debug|.NET
		{C9F22462-5637-42D2-9993-9751468BF28E}.Release|Mixed Platforms.ActiveCfg = Debug|.NET
		{C9F22462-5637-42D2-9993-9751468BF28E}.Release|Mixed Platforms.Build.0 = Debug|.NET
		{A93C69CA-F165-4BBB-A8CB-9EB415B89AD4}.Debug|.NET.ActiveCfg = Debug|Any CPU
		{A93C69CA-F165-4BBB-A8CB-9EB415B89AD4}.Debug|Any CPU.ActiveCfg = Debug|Any CPU
		{A93C69CA-F165-4BBB-A8CB-9EB415B89AD4}.Debug|Any CPU.Build.0 = Debug|Any CPU
		{A93C69CA-F165-4BBB-A8CB-9EB415B89AD4}.Debug|Mixed Platforms.ActiveCfg = Debug|Any CPU
		{A93C69CA-F165-4BBB-A8CB-9EB415B89AD4}.Debug|Mixed Platforms.Build.0 = Debug|Any CPU
		{A93C69CA-F165-4BBB-A8CB-9EB415B89AD4}.Release|.NET.ActiveCfg = Release|Any CPU
		{A93C69CA-F165-4BBB-A8CB-9EB415B89AD4}.Release|Any CPU.ActiveCfg = Release|Any CPU
		{A93C69CA-F165-4BBB-A8CB-9EB415B89AD4}.Release|Any CPU.Build.0 = Release|Any CPU
		{A93C69CA-F165-4BBB-A8CB-9EB415B89AD4}.Release|Mixed Platforms.ActiveCfg = Release|Any CPU
		{A93C69CA-F165-4BBB-A8CB-9EB415B89AD4}.Release|Mixed Platforms.Build.0 = Release|Any CPU
		{BBDDD2C1-2B22-42CD-BFB7-B21D0795B438}.Debug|.NET.ActiveCfg = Debug|Any CPU
		{BBDDD2C1-2B22-42CD-BFB7-B21D0795B438}.Debug|Any CPU.ActiveCfg = Debug|Any CPU
		{BBDDD2C1-2B22-42CD-BFB7-B21D0795B438}.Debug|Any CPU.Build.0 = Debug|Any CPU
		{BBDDD2C1-2B22-42CD-BFB7-B21D0795B438}.Debug|Mixed Platforms.ActiveCfg = Debug|Any CPU
		{BBDDD2C1-2B22-42CD-BFB7-B21D0795B438}.Debug|Mixed Platforms.Build.0 = Debug|Any CPU
		{BBDDD2C1-2B22-42CD-BFB7-B21D0795B438}.Release|.NET.ActiveCfg = Release|Any CPU
		{BBDDD2C1-2B22-42CD-BFB7-B21D0795B438}.Release|Any CPU.ActiveCfg = Release|Any CPU
		{BBDDD2C1-2B22-42CD-BFB7-B21D0795B438}.Release|Any CPU.Build.0 = Release|Any CPU
		{BBDDD2C1-2B22-42CD-BFB7-B21D0795B438}.Release|Mixed Platforms.ActiveCfg = Release|Any CPU
		{BBDDD2C1-2B22-42CD-BFB7-B21D0795B438}.Release|Mixed Platforms.Build.0 = Release|Any CPU
		{F9DB7E55-855F-4CB7-AE85-03AA9321E70F}.Debug|.NET.ActiveCfg = Debug|Any CPU
		{F9DB7E55-855F-4CB7-AE85-03AA9321E70F}.Debug|Any CPU.ActiveCfg = Debug|Any CPU
		{F9DB7E55-855F-4CB7-AE85-03AA9321E70F}.Debug|Any CPU.Build.0 = Debug|Any CPU
		{F9DB7E55-855F-4CB7-AE85-03AA9321E70F}.Debug|Mixed Platforms.ActiveCfg = Debug|Any CPU
		{F9DB7E55-855F-4CB7-AE85-03AA9321E70F}.Debug|Mixed Platforms.Build.0 = Debug|Any CPU
		{F9DB7E55-855F-4CB7-AE85-03AA9321E70F}.Release|.NET.ActiveCfg = Release|Any CPU
		{F9DB7E55-855F-4CB7-AE85-03AA9321E70F}.Release|Any CPU.ActiveCfg = Release|Any CPU
		{F9DB7E55-855F-4CB7-AE85-03AA9321E70F}.Release|Any CPU.Build.0 = Release|Any CPU
		{F9DB7E55-855F-4CB7-AE85-03AA9321E70F}.Release|Mixed Platforms.ActiveCfg = Release|Any CPU
		{F9DB7E55-855F-4CB7-AE85-03AA9321E70F}.Release|Mixed Platforms.Build.0 = Release|Any CPU
	EndGlobalSection
	GlobalSection(SolutionProperties) = preSolution
		HideSolutionNode = FALSE
	EndGlobalSection
EndGlobal
