
Microsoft Visual Studio Solution File, Format Version 10.00
# Visual Studio 2008
Project("{E24C65DC-7377-472B-9ABA-BC803B73C61A}") = "AnyWeb2010", "AnyWeb2010\", "{CDAAFDE6-953C-4B70-8F04-F082F4B3C70D}"
	ProjectSection(WebsiteProperties) = preProject
		TargetFramework = "2.0"
		ProjectReferences = "{2FEB2769-C1A2-40C6-ACB0-2214C1E7DF41}|Studio.dll;{67EDE50C-1A2F-4B66-B336-11EFBE1B8802}|AW_DB.dll;{839A8212-0454-4FEA-8A48-F9764588D85D}|AW_UC.dll;"
		Debug.AspNetCompiler.VirtualPath = "/AnyWeb2010"
		Debug.AspNetCompiler.PhysicalPath = "AnyWeb2010\"
		Debug.AspNetCompiler.TargetPath = "PrecompiledWeb\AnyWeb2010\"
		Debug.AspNetCompiler.Updateable = "true"
		Debug.AspNetCompiler.ForceOverwrite = "true"
		Debug.AspNetCompiler.FixedNames = "false"
		Debug.AspNetCompiler.Debug = "True"
		Release.AspNetCompiler.VirtualPath = "/AnyWeb2010"
		Release.AspNetCompiler.PhysicalPath = "AnyWeb2010\"
		Release.AspNetCompiler.TargetPath = "PrecompiledWeb\AnyWeb2010\"
		Release.AspNetCompiler.Updateable = "true"
		Release.AspNetCompiler.ForceOverwrite = "true"
		Release.AspNetCompiler.FixedNames = "false"
		Release.AspNetCompiler.Debug = "False"
		VWDPort = "4948"
	EndProjectSection
EndProject
Project("{FAE04EC0-301F-11D3-BF4B-00C04F79EFBC}") = "Studio", "Studio\Studio.csproj", "{2FEB2769-C1A2-40C6-ACB0-2214C1E7DF41}"
EndProject
Project("{FAE04EC0-301F-11D3-BF4B-00C04F79EFBC}") = "AW_DB", "AW_DB\AW_DB.csproj", "{67EDE50C-1A2F-4B66-B336-11EFBE1B8802}"
EndProject
Project("{FAE04EC0-301F-11D3-BF4B-00C04F79EFBC}") = "AW_UC", "AW_UC\AW_UC.csproj", "{839A8212-0454-4FEA-8A48-F9764588D85D}"
EndProject
Project("{2CFEAB61-6A3B-4EB8-B523-560B4BEEF521}") = "AnyWeb2010_deploy", "..\publish\AnyWeb2010_deploy\AnyWeb2010_deploy.wdproj", "{FC95AE6D-CD3C-4FBB-8A3A-6684504AACCA}"
EndProject
Global
	GlobalSection(SolutionConfigurationPlatforms) = preSolution
		Debug|Any CPU = Debug|Any CPU
		Release|Any CPU = Release|Any CPU
	EndGlobalSection
	GlobalSection(ProjectConfigurationPlatforms) = postSolution
		{CDAAFDE6-953C-4B70-8F04-F082F4B3C70D}.Debug|Any CPU.ActiveCfg = Debug|Any CPU
		{CDAAFDE6-953C-4B70-8F04-F082F4B3C70D}.Debug|Any CPU.Build.0 = Debug|Any CPU
		{CDAAFDE6-953C-4B70-8F04-F082F4B3C70D}.Release|Any CPU.ActiveCfg = Debug|Any CPU
		{CDAAFDE6-953C-4B70-8F04-F082F4B3C70D}.Release|Any CPU.Build.0 = Debug|Any CPU
		{2FEB2769-C1A2-40C6-ACB0-2214C1E7DF41}.Debug|Any CPU.ActiveCfg = Debug|Any CPU
		{2FEB2769-C1A2-40C6-ACB0-2214C1E7DF41}.Debug|Any CPU.Build.0 = Debug|Any CPU
		{2FEB2769-C1A2-40C6-ACB0-2214C1E7DF41}.Release|Any CPU.ActiveCfg = Release|Any CPU
		{2FEB2769-C1A2-40C6-ACB0-2214C1E7DF41}.Release|Any CPU.Build.0 = Release|Any CPU
		{67EDE50C-1A2F-4B66-B336-11EFBE1B8802}.Debug|Any CPU.ActiveCfg = Debug|Any CPU
		{67EDE50C-1A2F-4B66-B336-11EFBE1B8802}.Debug|Any CPU.Build.0 = Debug|Any CPU
		{67EDE50C-1A2F-4B66-B336-11EFBE1B8802}.Release|Any CPU.ActiveCfg = Release|Any CPU
		{67EDE50C-1A2F-4B66-B336-11EFBE1B8802}.Release|Any CPU.Build.0 = Release|Any CPU
		{839A8212-0454-4FEA-8A48-F9764588D85D}.Debug|Any CPU.ActiveCfg = Debug|Any CPU
		{839A8212-0454-4FEA-8A48-F9764588D85D}.Debug|Any CPU.Build.0 = Debug|Any CPU
		{839A8212-0454-4FEA-8A48-F9764588D85D}.Release|Any CPU.ActiveCfg = Release|Any CPU
		{839A8212-0454-4FEA-8A48-F9764588D85D}.Release|Any CPU.Build.0 = Release|Any CPU
		{FC95AE6D-CD3C-4FBB-8A3A-6684504AACCA}.Debug|Any CPU.ActiveCfg = Debug|Any CPU
		{FC95AE6D-CD3C-4FBB-8A3A-6684504AACCA}.Debug|Any CPU.Build.0 = Debug|Any CPU
		{FC95AE6D-CD3C-4FBB-8A3A-6684504AACCA}.Release|Any CPU.ActiveCfg = Release|Any CPU
		{FC95AE6D-CD3C-4FBB-8A3A-6684504AACCA}.Release|Any CPU.Build.0 = Release|Any CPU
	EndGlobalSection
	GlobalSection(SolutionProperties) = preSolution
		HideSolutionNode = FALSE
	EndGlobalSection
EndGlobal
