
Microsoft Visual Studio Solution File, Format Version 10.00
# Visual Studio 2008
Project("{E24C65DC-7377-472B-9ABA-BC803B73C61A}") = "AnyWeb_Shop", "AnyWeb_Shop\", "{F69189D0-F1D0-4E7D-892E-CB8DD7DA79D3}"
	ProjectSection(WebsiteProperties) = preProject
		TargetFramework = "2.0"
		ProjectReferences = "{72F5E3B8-1B0A-4E05-BAA2-920E848DFC64}|Common.dll;{2FEB2769-C1A2-40C6-ACB0-2214C1E7DF41}|Studio.dll;"
		Debug.AspNetCompiler.VirtualPath = "/AnyWeb_Shop"
		Debug.AspNetCompiler.PhysicalPath = "AnyWeb_Shop\"
		Debug.AspNetCompiler.TargetPath = "PrecompiledWeb\AnyWeb_Shop\"
		Debug.AspNetCompiler.Updateable = "true"
		Debug.AspNetCompiler.ForceOverwrite = "true"
		Debug.AspNetCompiler.FixedNames = "false"
		Debug.AspNetCompiler.Debug = "True"
		Release.AspNetCompiler.VirtualPath = "/AnyWeb_Shop"
		Release.AspNetCompiler.PhysicalPath = "AnyWeb_Shop\"
		Release.AspNetCompiler.TargetPath = "PrecompiledWeb\AnyWeb_Shop\"
		Release.AspNetCompiler.Updateable = "true"
		Release.AspNetCompiler.ForceOverwrite = "true"
		Release.AspNetCompiler.FixedNames = "false"
		Release.AspNetCompiler.Debug = "False"
		VWDPort = "1542"
	EndProjectSection
EndProject
Project("{FAE04EC0-301F-11D3-BF4B-00C04F79EFBC}") = "Common", "Common\Common.csproj", "{72F5E3B8-1B0A-4E05-BAA2-920E848DFC64}"
EndProject
Project("{FAE04EC0-301F-11D3-BF4B-00C04F79EFBC}") = "Studio", "Studio\Studio.csproj", "{2FEB2769-C1A2-40C6-ACB0-2214C1E7DF41}"
EndProject
Project("{2CFEAB61-6A3B-4EB8-B523-560B4BEEF521}") = "AnyWeb_Shop_deploy", "..\published\AnyWeb_Shop_deploy\AnyWeb_Shop_deploy.wdproj", "{74E19A8A-CDA0-4E43-8CA8-7E0D2573C6BC}"
EndProject
Global
	GlobalSection(SolutionConfigurationPlatforms) = preSolution
		Debug|.NET = Debug|.NET
		Debug|Any CPU = Debug|Any CPU
		Debug|Mixed Platforms = Debug|Mixed Platforms
		Release|.NET = Release|.NET
		Release|Any CPU = Release|Any CPU
		Release|Mixed Platforms = Release|Mixed Platforms
	EndGlobalSection
	GlobalSection(ProjectConfigurationPlatforms) = postSolution
		{F69189D0-F1D0-4E7D-892E-CB8DD7DA79D3}.Debug|.NET.ActiveCfg = Debug|.NET
		{F69189D0-F1D0-4E7D-892E-CB8DD7DA79D3}.Debug|.NET.Build.0 = Debug|.NET
		{F69189D0-F1D0-4E7D-892E-CB8DD7DA79D3}.Debug|Any CPU.ActiveCfg = Debug|.NET
		{F69189D0-F1D0-4E7D-892E-CB8DD7DA79D3}.Debug|Mixed Platforms.ActiveCfg = Debug|.NET
		{F69189D0-F1D0-4E7D-892E-CB8DD7DA79D3}.Debug|Mixed Platforms.Build.0 = Debug|.NET
		{F69189D0-F1D0-4E7D-892E-CB8DD7DA79D3}.Release|.NET.ActiveCfg = Debug|.NET
		{F69189D0-F1D0-4E7D-892E-CB8DD7DA79D3}.Release|.NET.Build.0 = Debug|.NET
		{F69189D0-F1D0-4E7D-892E-CB8DD7DA79D3}.Release|Any CPU.ActiveCfg = Debug|.NET
		{F69189D0-F1D0-4E7D-892E-CB8DD7DA79D3}.Release|Mixed Platforms.ActiveCfg = Debug|.NET
		{F69189D0-F1D0-4E7D-892E-CB8DD7DA79D3}.Release|Mixed Platforms.Build.0 = Debug|.NET
		{72F5E3B8-1B0A-4E05-BAA2-920E848DFC64}.Debug|.NET.ActiveCfg = Debug|Any CPU
		{72F5E3B8-1B0A-4E05-BAA2-920E848DFC64}.Debug|Any CPU.ActiveCfg = Debug|Any CPU
		{72F5E3B8-1B0A-4E05-BAA2-920E848DFC64}.Debug|Any CPU.Build.0 = Debug|Any CPU
		{72F5E3B8-1B0A-4E05-BAA2-920E848DFC64}.Debug|Mixed Platforms.ActiveCfg = Debug|Any CPU
		{72F5E3B8-1B0A-4E05-BAA2-920E848DFC64}.Debug|Mixed Platforms.Build.0 = Debug|Any CPU
		{72F5E3B8-1B0A-4E05-BAA2-920E848DFC64}.Release|.NET.ActiveCfg = Release|Any CPU
		{72F5E3B8-1B0A-4E05-BAA2-920E848DFC64}.Release|Any CPU.ActiveCfg = Release|Any CPU
		{72F5E3B8-1B0A-4E05-BAA2-920E848DFC64}.Release|Any CPU.Build.0 = Release|Any CPU
		{72F5E3B8-1B0A-4E05-BAA2-920E848DFC64}.Release|Mixed Platforms.ActiveCfg = Release|Any CPU
		{72F5E3B8-1B0A-4E05-BAA2-920E848DFC64}.Release|Mixed Platforms.Build.0 = Release|Any CPU
		{2FEB2769-C1A2-40C6-ACB0-2214C1E7DF41}.Debug|.NET.ActiveCfg = Debug|Any CPU
		{2FEB2769-C1A2-40C6-ACB0-2214C1E7DF41}.Debug|Any CPU.ActiveCfg = Debug|Any CPU
		{2FEB2769-C1A2-40C6-ACB0-2214C1E7DF41}.Debug|Any CPU.Build.0 = Debug|Any CPU
		{2FEB2769-C1A2-40C6-ACB0-2214C1E7DF41}.Debug|Mixed Platforms.ActiveCfg = Debug|Any CPU
		{2FEB2769-C1A2-40C6-ACB0-2214C1E7DF41}.Debug|Mixed Platforms.Build.0 = Debug|Any CPU
		{2FEB2769-C1A2-40C6-ACB0-2214C1E7DF41}.Release|.NET.ActiveCfg = Release|Any CPU
		{2FEB2769-C1A2-40C6-ACB0-2214C1E7DF41}.Release|Any CPU.ActiveCfg = Release|Any CPU
		{2FEB2769-C1A2-40C6-ACB0-2214C1E7DF41}.Release|Any CPU.Build.0 = Release|Any CPU
		{2FEB2769-C1A2-40C6-ACB0-2214C1E7DF41}.Release|Mixed Platforms.ActiveCfg = Release|Any CPU
		{2FEB2769-C1A2-40C6-ACB0-2214C1E7DF41}.Release|Mixed Platforms.Build.0 = Release|Any CPU
		{74E19A8A-CDA0-4E43-8CA8-7E0D2573C6BC}.Debug|.NET.ActiveCfg = Debug|Any CPU
		{74E19A8A-CDA0-4E43-8CA8-7E0D2573C6BC}.Debug|Any CPU.ActiveCfg = Debug|Any CPU
		{74E19A8A-CDA0-4E43-8CA8-7E0D2573C6BC}.Debug|Any CPU.Build.0 = Debug|Any CPU
		{74E19A8A-CDA0-4E43-8CA8-7E0D2573C6BC}.Debug|Mixed Platforms.ActiveCfg = Debug|Any CPU
		{74E19A8A-CDA0-4E43-8CA8-7E0D2573C6BC}.Debug|Mixed Platforms.Build.0 = Debug|Any CPU
		{74E19A8A-CDA0-4E43-8CA8-7E0D2573C6BC}.Release|.NET.ActiveCfg = Release|Any CPU
		{74E19A8A-CDA0-4E43-8CA8-7E0D2573C6BC}.Release|Any CPU.ActiveCfg = Release|Any CPU
		{74E19A8A-CDA0-4E43-8CA8-7E0D2573C6BC}.Release|Any CPU.Build.0 = Release|Any CPU
		{74E19A8A-CDA0-4E43-8CA8-7E0D2573C6BC}.Release|Mixed Platforms.ActiveCfg = Release|Any CPU
		{74E19A8A-CDA0-4E43-8CA8-7E0D2573C6BC}.Release|Mixed Platforms.Build.0 = Release|Any CPU
	EndGlobalSection
	GlobalSection(SolutionProperties) = preSolution
		HideSolutionNode = FALSE
	EndGlobalSection
EndGlobal
